
Microsoft Visual Studio Solution File, Format Version 12.00
# Visual Studio Version 17
VisualStudioVersion = 17.13.35931.197
MinimumVisualStudioVersion = 10.0.40219.1
Project("{FAE04EC0-301F-11D3-BF4B-00C04F79EFBC}") = "API", "API\API.csproj", "{A4F65EE8-9A60-49C9-8C51-41D317C36CC7}"
EndProject
Project("{FAE04EC0-301F-11D3-BF4B-00C04F79EFBC}") = "Domain", "Domain\Domain.csproj", "{8FE24790-A327-410C-AC0E-8DECAD388768}"
EndProject
Project("{FAE04EC0-301F-11D3-BF4B-00C04F79EFBC}") = "Domain.Tests", "Domain.Tests\Domain.Tests.csproj", "{92FDC05C-3228-4B24-AFC8-CC5E4E679D38}"
EndProject
Project("{FAE04EC0-301F-11D3-BF4B-00C04F79EFBC}") = "Application", "Application\Application.csproj", "{448E3840-A89C-492C-AE97-17F06079CBD8}"
EndProject
Project("{FAE04EC0-301F-11D3-BF4B-00C04F79EFBC}") = "Infraestructure", "Infraestructure\Infraestructure.csproj", "{CECF5EF2-C222-4866-A840-3FDAA95241C5}"
EndProject
Global
	GlobalSection(SolutionConfigurationPlatforms) = preSolution
		Debug|Any CPU = Debug|Any CPU
		Release|Any CPU = Release|Any CPU
	EndGlobalSection
	GlobalSection(ProjectConfigurationPlatforms) = postSolution
		{A4F65EE8-9A60-49C9-8C51-41D317C36CC7}.Debug|Any CPU.ActiveCfg = Debug|Any CPU
		{A4F65EE8-9A60-49C9-8C51-41D317C36CC7}.Debug|Any CPU.Build.0 = Debug|Any CPU
		{A4F65EE8-9A60-49C9-8C51-41D317C36CC7}.Release|Any CPU.ActiveCfg = Release|Any CPU
		{A4F65EE8-9A60-49C9-8C51-41D317C36CC7}.Release|Any CPU.Build.0 = Release|Any CPU
		{8FE24790-A327-410C-AC0E-8DECAD388768}.Debug|Any CPU.ActiveCfg = Debug|Any CPU
		{8FE24790-A327-410C-AC0E-8DECAD388768}.Debug|Any CPU.Build.0 = Debug|Any CPU
		{8FE24790-A327-410C-AC0E-8DECAD388768}.Release|Any CPU.ActiveCfg = Release|Any CPU
		{8FE24790-A327-410C-AC0E-8DECAD388768}.Release|Any CPU.Build.0 = Release|Any CPU
		{92FDC05C-3228-4B24-AFC8-CC5E4E679D38}.Debug|Any CPU.ActiveCfg = Debug|Any CPU
		{92FDC05C-3228-4B24-AFC8-CC5E4E679D38}.Debug|Any CPU.Build.0 = Debug|Any CPU
		{92FDC05C-3228-4B24-AFC8-CC5E4E679D38}.Release|Any CPU.ActiveCfg = Release|Any CPU
		{92FDC05C-3228-4B24-AFC8-CC5E4E679D38}.Release|Any CPU.Build.0 = Release|Any CPU
		{448E3840-A89C-492C-AE97-17F06079CBD8}.Debug|Any CPU.ActiveCfg = Debug|Any CPU
		{448E3840-A89C-492C-AE97-17F06079CBD8}.Debug|Any CPU.Build.0 = Debug|Any CPU
		{448E3840-A89C-492C-AE97-17F06079CBD8}.Release|Any CPU.ActiveCfg = Release|Any CPU
		{448E3840-A89C-492C-AE97-17F06079CBD8}.Release|Any CPU.Build.0 = Release|Any CPU
		{CECF5EF2-C222-4866-A840-3FDAA95241C5}.Debug|Any CPU.ActiveCfg = Debug|Any CPU
		{CECF5EF2-C222-4866-A840-3FDAA95241C5}.Debug|Any CPU.Build.0 = Debug|Any CPU
		{CECF5EF2-C222-4866-A840-3FDAA95241C5}.Release|Any CPU.ActiveCfg = Release|Any CPU
		{CECF5EF2-C222-4866-A840-3FDAA95241C5}.Release|Any CPU.Build.0 = Release|Any CPU
	EndGlobalSection
	GlobalSection(SolutionProperties) = preSolution
		HideSolutionNode = FALSE
	EndGlobalSection
	GlobalSection(ExtensibilityGlobals) = postSolution
		SolutionGuid = {330295FC-DE58-43C6-BF5C-D8EE0D931046}
	EndGlobalSection
EndGlobal
