
Microsoft Visual Studio Solution File, Format Version 12.00
# Visual Studio Version 17
VisualStudioVersion = 17.13.35931.197
MinimumVisualStudioVersion = 10.0.40219.1
Project("{FAE04EC0-301F-11D3-BF4B-00C04F79EFBC}") = "FinanceManager.Domain", "src\FinanceManager.Domain\FinanceManager.Domain.csproj", "{7FE82F5D-A253-6E2D-7077-954B8AE55C14}"
EndProject
Project("{FAE04EC0-301F-11D3-BF4B-00C04F79EFBC}") = "FinanceManager.Application", "src\FinanceManager.Application\FinanceManager.Application.csproj", "{7AA130C8-517D-F0CF-43B3-827FD9F12DE0}"
EndProject
Project("{FAE04EC0-301F-11D3-BF4B-00C04F79EFBC}") = "FinanceManager.API", "src\FinanceManager.API\FinanceManager.API.csproj", "{4605EF29-E8BC-BCC4-1E8E-23CA3DC965DC}"
EndProject
Project("{FAE04EC0-301F-11D3-BF4B-00C04F79EFBC}") = "FinanceManager.Domain.Tests", "tests\FinanceManager.Domain.Tests\FinanceManager.Domain.Tests.csproj", "{0B4980F1-CBE1-8B86-BEE4-2E07A7F23E2B}"
EndProject
Project("{FAE04EC0-301F-11D3-BF4B-00C04F79EFBC}") = "FinanceManager.Application.Tests", "tests\FinanceManager.Application.Tests\FinanceManager.Application.Tests.csproj", "{8878693C-3F77-90F9-F04C-A60810070964}"
EndProject
Project("{FAE04EC0-301F-11D3-BF4B-00C04F79EFBC}") = "FinanceManager.Infrastructure", "src\FinanceManager.Infrastructure\FinanceManager.Infrastructure.csproj", "{4958F05B-CE60-6B10-5A22-083FE14C74BB}"
EndProject
Project("{FAE04EC0-301F-11D3-BF4B-00C04F79EFBC}") = "FinanceManager.Infrastructure.Tests", "tests\FinanceManager.Infrastructure.Tests\FinanceManager.Infrastructure.Tests.csproj", "{DDAB3F0C-26D9-80E1-8FB9-39016AE9BAA5}"
EndProject
Global
	GlobalSection(SolutionConfigurationPlatforms) = preSolution
		Debug|Any CPU = Debug|Any CPU
		Release|Any CPU = Release|Any CPU
	EndGlobalSection
	GlobalSection(ProjectConfigurationPlatforms) = postSolution
		{7FE82F5D-A253-6E2D-7077-954B8AE55C14}.Debug|Any CPU.ActiveCfg = Debug|Any CPU
		{7FE82F5D-A253-6E2D-7077-954B8AE55C14}.Debug|Any CPU.Build.0 = Debug|Any CPU
		{7FE82F5D-A253-6E2D-7077-954B8AE55C14}.Release|Any CPU.ActiveCfg = Release|Any CPU
		{7FE82F5D-A253-6E2D-7077-954B8AE55C14}.Release|Any CPU.Build.0 = Release|Any CPU
		{7AA130C8-517D-F0CF-43B3-827FD9F12DE0}.Debug|Any CPU.ActiveCfg = Debug|Any CPU
		{7AA130C8-517D-F0CF-43B3-827FD9F12DE0}.Debug|Any CPU.Build.0 = Debug|Any CPU
		{7AA130C8-517D-F0CF-43B3-827FD9F12DE0}.Release|Any CPU.ActiveCfg = Release|Any CPU
		{7AA130C8-517D-F0CF-43B3-827FD9F12DE0}.Release|Any CPU.Build.0 = Release|Any CPU
		{4605EF29-E8BC-BCC4-1E8E-23CA3DC965DC}.Debug|Any CPU.ActiveCfg = Debug|Any CPU
		{4605EF29-E8BC-BCC4-1E8E-23CA3DC965DC}.Debug|Any CPU.Build.0 = Debug|Any CPU
		{4605EF29-E8BC-BCC4-1E8E-23CA3DC965DC}.Release|Any CPU.ActiveCfg = Release|Any CPU
		{4605EF29-E8BC-BCC4-1E8E-23CA3DC965DC}.Release|Any CPU.Build.0 = Release|Any CPU
		{0B4980F1-CBE1-8B86-BEE4-2E07A7F23E2B}.Debug|Any CPU.ActiveCfg = Debug|Any CPU
		{0B4980F1-CBE1-8B86-BEE4-2E07A7F23E2B}.Debug|Any CPU.Build.0 = Debug|Any CPU
		{0B4980F1-CBE1-8B86-BEE4-2E07A7F23E2B}.Release|Any CPU.ActiveCfg = Release|Any CPU
		{0B4980F1-CBE1-8B86-BEE4-2E07A7F23E2B}.Release|Any CPU.Build.0 = Release|Any CPU
		{8878693C-3F77-90F9-F04C-A60810070964}.Debug|Any CPU.ActiveCfg = Debug|Any CPU
		{8878693C-3F77-90F9-F04C-A60810070964}.Debug|Any CPU.Build.0 = Debug|Any CPU
		{8878693C-3F77-90F9-F04C-A60810070964}.Release|Any CPU.ActiveCfg = Release|Any CPU
		{8878693C-3F77-90F9-F04C-A60810070964}.Release|Any CPU.Build.0 = Release|Any CPU
		{4958F05B-CE60-6B10-5A22-083FE14C74BB}.Debug|Any CPU.ActiveCfg = Debug|Any CPU
		{4958F05B-CE60-6B10-5A22-083FE14C74BB}.Debug|Any CPU.Build.0 = Debug|Any CPU
		{4958F05B-CE60-6B10-5A22-083FE14C74BB}.Release|Any CPU.ActiveCfg = Release|Any CPU
		{4958F05B-CE60-6B10-5A22-083FE14C74BB}.Release|Any CPU.Build.0 = Release|Any CPU
		{DDAB3F0C-26D9-80E1-8FB9-39016AE9BAA5}.Debug|Any CPU.ActiveCfg = Debug|Any CPU
		{DDAB3F0C-26D9-80E1-8FB9-39016AE9BAA5}.Debug|Any CPU.Build.0 = Debug|Any CPU
		{DDAB3F0C-26D9-80E1-8FB9-39016AE9BAA5}.Release|Any CPU.ActiveCfg = Release|Any CPU
		{DDAB3F0C-26D9-80E1-8FB9-39016AE9BAA5}.Release|Any CPU.Build.0 = Release|Any CPU
	EndGlobalSection
	GlobalSection(SolutionProperties) = preSolution
		HideSolutionNode = FALSE
	EndGlobalSection
	GlobalSection(ExtensibilityGlobals) = postSolution
		SolutionGuid = {330295FC-DE58-43C6-BF5C-D8EE0D931046}
	EndGlobalSection
EndGlobal
